
Microsoft Visual Studio Solution File, Format Version 12.00
# Visual Studio Version 17
VisualStudioVersion = 17.8.34330.188
MinimumVisualStudioVersion = 10.0.40219.1
Project("{FAE04EC0-301F-11D3-BF4B-00C04F79EFBC}") = "Todos-Backend", "Todos-Backend\Todos-Backend.csproj", "{2593B9EB-00FC-4386-B22F-C15C4C5F0DD1}"
EndProject
Global
	GlobalSection(SolutionConfigurationPlatforms) = preSolution
		Debug|Any CPU = Debug|Any CPU
		Release|Any CPU = Release|Any CPU
	EndGlobalSection
	GlobalSection(ProjectConfigurationPlatforms) = postSolution
		{2593B9EB-00FC-4386-B22F-C15C4C5F0DD1}.Debug|Any CPU.ActiveCfg = Debug|Any CPU
		{2593B9EB-00FC-4386-B22F-C15C4C5F0DD1}.Debug|Any CPU.Build.0 = Debug|Any CPU
		{2593B9EB-00FC-4386-B22F-C15C4C5F0DD1}.Release|Any CPU.ActiveCfg = Release|Any CPU
		{2593B9EB-00FC-4386-B22F-C15C4C5F0DD1}.Release|Any CPU.Build.0 = Release|Any CPU
	EndGlobalSection
	GlobalSection(SolutionProperties) = preSolution
		HideSolutionNode = FALSE
	EndGlobalSection
	GlobalSection(ExtensibilityGlobals) = postSolution
		SolutionGuid = {80DB4D49-B51B-4CE6-B4D6-4115E91BFFA9}
	EndGlobalSection
EndGlobal
